
Microsoft Visual Studio Solution File, Format Version 12.00
# Visual Studio Version 17
VisualStudioVersion = 17.0.31903.59
MinimumVisualStudioVersion = 10.0.40219.1
Project("{9A19103F-16F7-4668-BE54-9A1E7A4F7556}") = "MightyRSS", "MightyRSS.csproj", "{B77522A9-CA6C-41C5-B414-3C3FA7EA7510}"
EndProject
Project("{FAE04EC0-301F-11D3-BF4B-00C04F79EFBC}") = "Data", "..\Data\Data.csproj", "{B400C133-5D66-42B4-B19E-302AB639F671}"
EndProject
Project("{FAE04EC0-301F-11D3-BF4B-00C04F79EFBC}") = "Core", "..\Core\Core.csproj", "{8B00CC24-5C90-45BC-975C-A91D5EB933B0}"
EndProject
Global
	GlobalSection(SolutionConfigurationPlatforms) = preSolution
		Debug|Any CPU = Debug|Any CPU
		Release|Any CPU = Release|Any CPU
	EndGlobalSection
	GlobalSection(ProjectConfigurationPlatforms) = postSolution
		{B77522A9-CA6C-41C5-B414-3C3FA7EA7510}.Debug|Any CPU.ActiveCfg = Debug|Any CPU
		{B77522A9-CA6C-41C5-B414-3C3FA7EA7510}.Debug|Any CPU.Build.0 = Debug|Any CPU
		{B77522A9-CA6C-41C5-B414-3C3FA7EA7510}.Release|Any CPU.ActiveCfg = Release|Any CPU
		{B77522A9-CA6C-41C5-B414-3C3FA7EA7510}.Release|Any CPU.Build.0 = Release|Any CPU
		{B400C133-5D66-42B4-B19E-302AB639F671}.Debug|Any CPU.ActiveCfg = Debug|Any CPU
		{B400C133-5D66-42B4-B19E-302AB639F671}.Debug|Any CPU.Build.0 = Debug|Any CPU
		{B400C133-5D66-42B4-B19E-302AB639F671}.Release|Any CPU.ActiveCfg = Release|Any CPU
		{B400C133-5D66-42B4-B19E-302AB639F671}.Release|Any CPU.Build.0 = Release|Any CPU
		{8B00CC24-5C90-45BC-975C-A91D5EB933B0}.Debug|Any CPU.ActiveCfg = Debug|Any CPU
		{8B00CC24-5C90-45BC-975C-A91D5EB933B0}.Debug|Any CPU.Build.0 = Debug|Any CPU
		{8B00CC24-5C90-45BC-975C-A91D5EB933B0}.Release|Any CPU.ActiveCfg = Release|Any CPU
		{8B00CC24-5C90-45BC-975C-A91D5EB933B0}.Release|Any CPU.Build.0 = Release|Any CPU
	EndGlobalSection
	GlobalSection(SolutionProperties) = preSolution
		HideSolutionNode = FALSE
	EndGlobalSection
	GlobalSection(ExtensibilityGlobals) = postSolution
		SolutionGuid = {C2B2B9B4-A247-4927-B2FA-EEEAE73D15CD}
	EndGlobalSection
EndGlobal
